// !$*UTF8*$!
{
	archiveVersion = 1;
	classes = {
	};
	objectVersion = 56;
	objects = {

/* Begin PBXBuildFile section */
		0671DCDC2ADDAD6600BF2B7B /* TodoListApp.swift in Sources */ = {isa = PBXBuildFile; fileRef = 0671DCDB2ADDAD6600BF2B7B /* TodoListApp.swift */; };
		0671DCE32ADDAD6800BF2B7B /* Preview Assets.xcassets in Resources */ = {isa = PBXBuildFile; fileRef = 0671DCE22ADDAD6800BF2B7B /* Preview Assets.xcassets */; };
		0671DCEB2ADDADD700BF2B7B /* ListView.swift in Sources */ = {isa = PBXBuildFile; fileRef = 0671DCEA2ADDADD700BF2B7B /* ListView.swift */; };
		0671DCED2ADDB05100BF2B7B /* ListRowView.swift in Sources */ = {isa = PBXBuildFile; fileRef = 0671DCEC2ADDB05100BF2B7B /* ListRowView.swift */; };
		0671DCEF2ADDB36200BF2B7B /* AddItemView.swift in Sources */ = {isa = PBXBuildFile; fileRef = 0671DCEE2ADDB36200BF2B7B /* AddItemView.swift */; };
		0671DCF22ADEA51900BF2B7B /* ItemModel.swift in Sources */ = {isa = PBXBuildFile; fileRef = 0671DCF12ADEA51900BF2B7B /* ItemModel.swift */; };
		0671DCF52AE038AC00BF2B7B /* ListViewModel.swift in Sources */ = {isa = PBXBuildFile; fileRef = 0671DCF42AE038AB00BF2B7B /* ListViewModel.swift */; };
		06CBC3142AE2CA8C004DF007 /* EmptyListView.swift in Sources */ = {isa = PBXBuildFile; fileRef = 06CBC3132AE2CA8C004DF007 /* EmptyListView.swift */; };
		06CBC3162AE3E56D004DF007 /* LaunchScreen.storyboard in Resources */ = {isa = PBXBuildFile; fileRef = 06CBC3152AE3E56D004DF007 /* LaunchScreen.storyboard */; };
		06CBC31A2AE3E792004DF007 /* Images.xcassets in Resources */ = {isa = PBXBuildFile; fileRef = 06CBC3192AE3E792004DF007 /* Images.xcassets */; };
/* End PBXBuildFile section */

/* Begin PBXFileReference section */
		0671DCD82ADDAD6600BF2B7B /* TodoList.app */ = {isa = PBXFileReference; explicitFileType = wrapper.application; includeInIndex = 0; path = TodoList.app; sourceTree = BUILT_PRODUCTS_DIR; };
		0671DCDB2ADDAD6600BF2B7B /* TodoListApp.swift */ = {isa = PBXFileReference; lastKnownFileType = sourcecode.swift; path = TodoListApp.swift; sourceTree = "<group>"; };
		0671DCE22ADDAD6800BF2B7B /* Preview Assets.xcassets */ = {isa = PBXFileReference; lastKnownFileType = folder.assetcatalog; path = "Preview Assets.xcassets"; sourceTree = "<group>"; };
		0671DCEA2ADDADD700BF2B7B /* ListView.swift */ = {isa = PBXFileReference; lastKnownFileType = sourcecode.swift; path = ListView.swift; sourceTree = "<group>"; };
		0671DCEC2ADDB05100BF2B7B /* ListRowView.swift */ = {isa = PBXFileReference; lastKnownFileType = sourcecode.swift; path = ListRowView.swift; sourceTree = "<group>"; };
		0671DCEE2ADDB36200BF2B7B /* AddItemView.swift */ = {isa = PBXFileReference; lastKnownFileType = sourcecode.swift; path = AddItemView.swift; sourceTree = "<group>"; };
		0671DCF12ADEA51900BF2B7B /* ItemModel.swift */ = {isa = PBXFileReference; lastKnownFileType = sourcecode.swift; path = ItemModel.swift; sourceTree = "<group>"; };
		0671DCF42AE038AB00BF2B7B /* ListViewModel.swift */ = {isa = PBXFileReference; lastKnownFileType = sourcecode.swift; path = ListViewModel.swift; sourceTree = "<group>"; };
		06CBC3132AE2CA8C004DF007 /* EmptyListView.swift */ = {isa = PBXFileReference; lastKnownFileType = sourcecode.swift; path = EmptyListView.swift; sourceTree = "<group>"; };
		06CBC3152AE3E56D004DF007 /* LaunchScreen.storyboard */ = {isa = PBXFileReference; lastKnownFileType = file.storyboard; path = LaunchScreen.storyboard; sourceTree = "<group>"; };
		06CBC3192AE3E792004DF007 /* Images.xcassets */ = {isa = PBXFileReference; lastKnownFileType = folder.assetcatalog; path = Images.xcassets; sourceTree = "<group>"; };
/* End PBXFileReference section */

/* Begin PBXFrameworksBuildPhase section */
		0671DCD52ADDAD6600BF2B7B /* Frameworks */ = {
			isa = PBXFrameworksBuildPhase;
			buildActionMask = 2147483647;
			files = (
			);
			runOnlyForDeploymentPostprocessing = 0;
		};
/* End PBXFrameworksBuildPhase section */

/* Begin PBXGroup section */
		0671DCCF2ADDAD6600BF2B7B = {
			isa = PBXGroup;
			children = (
				0671DCDA2ADDAD6600BF2B7B /* TodoList */,
				0671DCD92ADDAD6600BF2B7B /* Products */,
			);
			sourceTree = "<group>";
		};
		0671DCD92ADDAD6600BF2B7B /* Products */ = {
			isa = PBXGroup;
			children = (
				0671DCD82ADDAD6600BF2B7B /* TodoList.app */,
			);
			name = Products;
			sourceTree = "<group>";
		};
		0671DCDA2ADDAD6600BF2B7B /* TodoList */ = {
			isa = PBXGroup;
			children = (
				0671DCDB2ADDAD6600BF2B7B /* TodoListApp.swift */,
				0671DCF32AE0388900BF2B7B /* ViewModel */,
				0671DCF02ADEA4EF00BF2B7B /* Models */,
				0671DCE92ADDADC600BF2B7B /* Views */,
				0671DCE12ADDAD6800BF2B7B /* Preview Content */,
			);
			path = TodoList;
			sourceTree = "<group>";
		};
		0671DCE12ADDAD6800BF2B7B /* Preview Content */ = {
			isa = PBXGroup;
			children = (
				0671DCE22ADDAD6800BF2B7B /* Preview Assets.xcassets */,
				06CBC3192AE3E792004DF007 /* Images.xcassets */,
			);
			path = "Preview Content";
			sourceTree = "<group>";
		};
		0671DCE92ADDADC600BF2B7B /* Views */ = {
			isa = PBXGroup;
			children = (
				0671DCEA2ADDADD700BF2B7B /* ListView.swift */,
				0671DCEE2ADDB36200BF2B7B /* AddItemView.swift */,
				0671DCEC2ADDB05100BF2B7B /* ListRowView.swift */,
				06CBC3132AE2CA8C004DF007 /* EmptyListView.swift */,
				06CBC3152AE3E56D004DF007 /* LaunchScreen.storyboard */,
			);
			path = Views;
			sourceTree = "<group>";
		};
		0671DCF02ADEA4EF00BF2B7B /* Models */ = {
			isa = PBXGroup;
			children = (
				0671DCF12ADEA51900BF2B7B /* ItemModel.swift */,
			);
			path = Models;
			sourceTree = "<group>";
		};
		0671DCF32AE0388900BF2B7B /* ViewModel */ = {
			isa = PBXGroup;
			children = (
				0671DCF42AE038AB00BF2B7B /* ListViewModel.swift */,
			);
			path = ViewModel;
			sourceTree = "<group>";
		};
/* End PBXGroup section */

/* Begin PBXNativeTarget section */
		0671DCD72ADDAD6600BF2B7B /* TodoList */ = {
			isa = PBXNativeTarget;
			buildConfigurationList = 0671DCE62ADDAD6800BF2B7B /* Build configuration list for PBXNativeTarget "TodoList" */;
			buildPhases = (
				0671DCD42ADDAD6600BF2B7B /* Sources */,
				0671DCD52ADDAD6600BF2B7B /* Frameworks */,
				0671DCD62ADDAD6600BF2B7B /* Resources */,
			);
			buildRules = (
			);
			dependencies = (
			);
			name = TodoList;
			productName = TodoList;
			productReference = 0671DCD82ADDAD6600BF2B7B /* TodoList.app */;
			productType = "com.apple.product-type.application";
		};
/* End PBXNativeTarget section */

/* Begin PBXProject section */
		0671DCD02ADDAD6600BF2B7B /* Project object */ = {
			isa = PBXProject;
			attributes = {
				BuildIndependentTargetsInParallel = 1;
				LastSwiftUpdateCheck = 1500;
				LastUpgradeCheck = 1500;
				TargetAttributes = {
					0671DCD72ADDAD6600BF2B7B = {
						CreatedOnToolsVersion = 15.0;
					};
				};
			};
			buildConfigurationList = 0671DCD32ADDAD6600BF2B7B /* Build configuration list for PBXProject "TodoList" */;
			compatibilityVersion = "Xcode 14.0";
			developmentRegion = en;
			hasScannedForEncodings = 0;
			knownRegions = (
				en,
				Base,
			);
			mainGroup = 0671DCCF2ADDAD6600BF2B7B;
			productRefGroup = 0671DCD92ADDAD6600BF2B7B /* Products */;
			projectDirPath = "";
			projectRoot = "";
			targets = (
				0671DCD72ADDAD6600BF2B7B /* TodoList */,
			);
		};
/* End PBXProject section */

/* Begin PBXResourcesBuildPhase section */
		0671DCD62ADDAD6600BF2B7B /* Resources */ = {
			isa = PBXResourcesBuildPhase;
			buildActionMask = 2147483647;
			files = (
				06CBC31A2AE3E792004DF007 /* Images.xcassets in Resources */,
				06CBC3162AE3E56D004DF007 /* LaunchScreen.storyboard in Resources */,
				0671DCE32ADDAD6800BF2B7B /* Preview Assets.xcassets in Resources */,
			);
			runOnlyForDeploymentPostprocessing = 0;
		};
/* End PBXResourcesBuildPhase section */

/* Begin PBXSourcesBuildPhase section */
		0671DCD42ADDAD6600BF2B7B /* Sources */ = {
			isa = PBXSourcesBuildPhase;
			buildActionMask = 2147483647;
			files = (
				0671DCF22ADEA51900BF2B7B /* ItemModel.swift in Sources */,
				0671DCDC2ADDAD6600BF2B7B /* TodoListApp.swift in Sources */,
				06CBC3142AE2CA8C004DF007 /* EmptyListView.swift in Sources */,
				0671DCF52AE038AC00BF2B7B /* ListViewModel.swift in Sources */,
				0671DCEB2ADDADD700BF2B7B /* ListView.swift in Sources */,
				0671DCED2ADDB05100BF2B7B /* ListRowView.swift in Sources */,
				0671DCEF2ADDB36200BF2B7B /* AddItemView.swift in Sources */,
			);
			runOnlyForDeploymentPostprocessing = 0;
		};
/* End PBXSourcesBuildPhase section */

/* Begin XCBuildConfiguration section */
		0671DCE42ADDAD6800BF2B7B /* Debug */ = {
			isa = XCBuildConfiguration;
			buildSettings = {
				ALWAYS_SEARCH_USER_PATHS = NO;
				ASSETCATALOG_COMPILER_GENERATE_SWIFT_ASSET_SYMBOL_EXTENSIONS = YES;
				CLANG_ANALYZER_NONNULL = YES;
				CLANG_ANALYZER_NUMBER_OBJECT_CONVERSION = YES_AGGRESSIVE;
				CLANG_CXX_LANGUAGE_STANDARD = "gnu++20";
				CLANG_ENABLE_MODULES = YES;
				CLANG_ENABLE_OBJC_ARC = YES;
				CLANG_ENABLE_OBJC_WEAK = YES;
				CLANG_WARN_BLOCK_CAPTURE_AUTORELEASING = YES;
				CLANG_WARN_BOOL_CONVERSION = YES;
				CLANG_WARN_COMMA = YES;
				CLANG_WARN_CONSTANT_CONVERSION = YES;
				CLANG_WARN_DEPRECATED_OBJC_IMPLEMENTATIONS = YES;
				CLANG_WARN_DIRECT_OBJC_ISA_USAGE = YES_ERROR;
				CLANG_WARN_DOCUMENTATION_COMMENTS = YES;
				CLANG_WARN_EMPTY_BODY = YES;
				CLANG_WARN_ENUM_CONVERSION = YES;
				CLANG_WARN_INFINITE_RECURSION = YES;
				CLANG_WARN_INT_CONVERSION = YES;
				CLANG_WARN_NON_LITERAL_NULL_CONVERSION = YES;
				CLANG_WARN_OBJC_IMPLICIT_RETAIN_SELF = YES;
				CLANG_WARN_OBJC_LITERAL_CONVERSION = YES;
				CLANG_WARN_OBJC_ROOT_CLASS = YES_ERROR;
				CLANG_WARN_QUOTED_INCLUDE_IN_FRAMEWORK_HEADER = YES;
				CLANG_WARN_RANGE_LOOP_ANALYSIS = YES;
				CLANG_WARN_STRICT_PROTOTYPES = YES;
				CLANG_WARN_SUSPICIOUS_MOVE = YES;
				CLANG_WARN_UNGUARDED_AVAILABILITY = YES_AGGRESSIVE;
				CLANG_WARN_UNREACHABLE_CODE = YES;
				CLANG_WARN__DUPLICATE_METHOD_MATCH = YES;
				COPY_PHASE_STRIP = NO;
				DEBUG_INFORMATION_FORMAT = dwarf;
				ENABLE_STRICT_OBJC_MSGSEND = YES;
				ENABLE_TESTABILITY = YES;
				ENABLE_USER_SCRIPT_SANDBOXING = YES;
				GCC_C_LANGUAGE_STANDARD = gnu17;
				GCC_DYNAMIC_NO_PIC = NO;
				GCC_NO_COMMON_BLOCKS = YES;
				GCC_OPTIMIZATION_LEVEL = 0;
				GCC_PREPROCESSOR_DEFINITIONS = (
					"DEBUG=1",
					"$(inherited)",
				);
				GCC_WARN_64_TO_32_BIT_CONVERSION = YES;
				GCC_WARN_ABOUT_RETURN_TYPE = YES_ERROR;
				GCC_WARN_UNDECLARED_SELECTOR = YES;
				GCC_WARN_UNINITIALIZED_AUTOS = YES_AGGRESSIVE;
				GCC_WARN_UNUSED_FUNCTION = YES;
				GCC_WARN_UNUSED_VARIABLE = YES;
				IPHONEOS_DEPLOYMENT_TARGET = 17.0;
				LOCALIZATION_PREFERS_STRING_CATALOGS = YES;
				MTL_ENABLE_DEBUG_INFO = INCLUDE_SOURCE;
				MTL_FAST_MATH = YES;
				ONLY_ACTIVE_ARCH = YES;
				SDKROOT = iphoneos;
				SWIFT_ACTIVE_COMPILATION_CONDITIONS = "DEBUG $(inherited)";
				SWIFT_OPTIMIZATION_LEVEL = "-Onone";
			};
			name = Debug;
		};
		0671DCE52ADDAD6800BF2B7B /* Release */ = {
			isa = XCBuildConfiguration;
			buildSettings = {
				ALWAYS_SEARCH_USER_PATHS = NO;
				ASSETCATALOG_COMPILER_GENERATE_SWIFT_ASSET_SYMBOL_EXTENSIONS = YES;
				CLANG_ANALYZER_NONNULL = YES;
				CLANG_ANALYZER_NUMBER_OBJECT_CONVERSION = YES_AGGRESSIVE;
				CLANG_CXX_LANGUAGE_STANDARD = "gnu++20";
				CLANG_ENABLE_MODULES = YES;
				CLANG_ENABLE_OBJC_ARC = YES;
				CLANG_ENABLE_OBJC_WEAK = YES;
				CLANG_WARN_BLOCK_CAPTURE_AUTORELEASING = YES;
				CLANG_WARN_BOOL_CONVERSION = YES;
				CLANG_WARN_COMMA = YES;
				CLANG_WARN_CONSTANT_CONVERSION = YES;
				CLANG_WARN_DEPRECATED_OBJC_IMPLEMENTATIONS = YES;
				CLANG_WARN_DIRECT_OBJC_ISA_USAGE = YES_ERROR;
				CLANG_WARN_DOCUMENTATION_COMMENTS = YES;
				CLANG_WARN_EMPTY_BODY = YES;
				CLANG_WARN_ENUM_CONVERSION = YES;
				CLANG_WARN_INFINITE_RECURSION = YES;
				CLANG_WARN_INT_CONVERSION = YES;
				CLANG_WARN_NON_LITERAL_NULL_CONVERSION = YES;
				CLANG_WARN_OBJC_IMPLICIT_RETAIN_SELF = YES;
				CLANG_WARN_OBJC_LITERAL_CONVERSION = YES;
				CLANG_WARN_OBJC_ROOT_CLASS = YES_ERROR;
				CLANG_WARN_QUOTED_INCLUDE_IN_FRAMEWORK_HEADER = YES;
				CLANG_WARN_RANGE_LOOP_ANALYSIS = YES;
				CLANG_WARN_STRICT_PROTOTYPES = YES;
				CLANG_WARN_SUSPICIOUS_MOVE = YES;
				CLANG_WARN_UNGUARDED_AVAILABILITY = YES_AGGRESSIVE;
				CLANG_WARN_UNREACHABLE_CODE = YES;
				CLANG_WARN__DUPLICATE_METHOD_MATCH = YES;
				COPY_PHASE_STRIP = NO;
				DEBUG_INFORMATION_FORMAT = "dwarf-with-dsym";
				ENABLE_NS_ASSERTIONS = NO;
				ENABLE_STRICT_OBJC_MSGSEND = YES;
				ENABLE_USER_SCRIPT_SANDBOXING = YES;
				GCC_C_LANGUAGE_STANDARD = gnu17;
				GCC_NO_COMMON_BLOCKS = YES;
				GCC_WARN_64_TO_32_BIT_CONVERSION = YES;
				GCC_WARN_ABOUT_RETURN_TYPE = YES_ERROR;
				GCC_WARN_UNDECLARED_SELECTOR = YES;
				GCC_WARN_UNINITIALIZED_AUTOS = YES_AGGRESSIVE;
				GCC_WARN_UNUSED_FUNCTION = YES;
				GCC_WARN_UNUSED_VARIABLE = YES;
				IPHONEOS_DEPLOYMENT_TARGET = 17.0;
				LOCALIZATION_PREFERS_STRING_CATALOGS = YES;
				MTL_ENABLE_DEBUG_INFO = NO;
				MTL_FAST_MATH = YES;
				SDKROOT = iphoneos;
				SWIFT_COMPILATION_MODE = wholemodule;
				VALIDATE_PRODUCT = YES;
			};
			name = Release;
		};
		0671DCE72ADDAD6800BF2B7B /* Debug */ = {
			isa = XCBuildConfiguration;
			buildSettings = {
				ASSETCATALOG_COMPILER_APPICON_NAME = AppIcon;
				ASSETCATALOG_COMPILER_GLOBAL_ACCENT_COLOR_NAME = AccentColor;
				CODE_SIGN_STYLE = Automatic;
				CURRENT_PROJECT_VERSION = 1;
				DEVELOPMENT_ASSET_PATHS = "\"TodoList/Preview Content\"";
				DEVELOPMENT_TEAM = 9P2557SXV6;
				ENABLE_PREVIEWS = YES;
				GENERATE_INFOPLIST_FILE = YES;
				INFOPLIST_KEY_CFBundleDisplayName = "Ideas List";
				INFOPLIST_KEY_UIApplicationSceneManifest_Generation = YES;
				INFOPLIST_KEY_UIApplicationSupportsIndirectInputEvents = YES;
				INFOPLIST_KEY_UILaunchScreen_Generation = YES;
				INFOPLIST_KEY_UILaunchStoryboardName = LaunchScreen.storyboard;
				INFOPLIST_KEY_UISupportedInterfaceOrientations_iPad = "UIInterfaceOrientationPortrait UIInterfaceOrientationPortraitUpsideDown UIInterfaceOrientationLandscapeLeft UIInterfaceOrientationLandscapeRight";
				INFOPLIST_KEY_UISupportedInterfaceOrientations_iPhone = "UIInterfaceOrientationPortrait UIInterfaceOrientationLandscapeLeft UIInterfaceOrientationLandscapeRight";
				LD_RUNPATH_SEARCH_PATHS = (
					"$(inherited)",
					"@executable_path/Frameworks",
				);
				MARKETING_VERSION = 1.0;
				PRODUCT_BUNDLE_IDENTIFIER = Micoone.TodoList;
				PRODUCT_NAME = "$(TARGET_NAME)";
				SWIFT_EMIT_LOC_STRINGS = YES;
				SWIFT_VERSION = 5.0;
				TARGETED_DEVICE_FAMILY = "1,2";
			};
			name = Debug;
		};
		0671DCE82ADDAD6800BF2B7B /* Release */ = {
			isa = XCBuildConfiguration;
			buildSettings = {
				ASSETCATALOG_COMPILER_APPICON_NAME = AppIcon;
				ASSETCATALOG_COMPILER_GLOBAL_ACCENT_COLOR_NAME = AccentColor;
				CODE_SIGN_STYLE = Automatic;
				CURRENT_PROJECT_VERSION = 1;
				DEVELOPMENT_ASSET_PATHS = "\"TodoList/Preview Content\"";
				DEVELOPMENT_TEAM = 9P2557SXV6;
				ENABLE_PREVIEWS = YES;
				GENERATE_INFOPLIST_FILE = YES;
				INFOPLIST_KEY_CFBundleDisplayName = "Ideas List";
				INFOPLIST_KEY_UIApplicationSceneManifest_Generation = YES;
				INFOPLIST_KEY_UIApplicationSupportsIndirectInputEvents = YES;
				INFOPLIST_KEY_UILaunchScreen_Generation = YES;
				INFOPLIST_KEY_UILaunchStoryboardName = LaunchScreen.storyboard;
				INFOPLIST_KEY_UISupportedInterfaceOrientations_iPad = "UIInterfaceOrientationPortrait UIInterfaceOrientationPortraitUpsideDown UIInterfaceOrientationLandscapeLeft UIInterfaceOrientationLandscapeRight";
				INFOPLIST_KEY_UISupportedInterfaceOrientations_iPhone = "UIInterfaceOrientationPortrait UIInterfaceOrientationLandscapeLeft UIInterfaceOrientationLandscapeRight";
				LD_RUNPATH_SEARCH_PATHS = (
					"$(inherited)",
					"@executable_path/Frameworks",
				);
				MARKETING_VERSION = 1.0;
				PRODUCT_BUNDLE_IDENTIFIER = Micoone.TodoList;
				PRODUCT_NAME = "$(TARGET_NAME)";
				SWIFT_EMIT_LOC_STRINGS = YES;
				SWIFT_VERSION = 5.0;
				TARGETED_DEVICE_FAMILY = "1,2";
			};
			name = Release;
		};
/* End XCBuildConfiguration section */

/* Begin XCConfigurationList section */
		0671DCD32ADDAD6600BF2B7B /* Build configuration list for PBXProject "TodoList" */ = {
			isa = XCConfigurationList;
			buildConfigurations = (
				0671DCE42ADDAD6800BF2B7B /* Debug */,
				0671DCE52ADDAD6800BF2B7B /* Release */,
			);
			defaultConfigurationIsVisible = 0;
			defaultConfigurationName = Release;
		};
		0671DCE62ADDAD6800BF2B7B /* Build configuration list for PBXNativeTarget "TodoList" */ = {
			isa = XCConfigurationList;
			buildConfigurations = (
				0671DCE72ADDAD6800BF2B7B /* Debug */,
				0671DCE82ADDAD6800BF2B7B /* Release */,
			);
			defaultConfigurationIsVisible = 0;
			defaultConfigurationName = Release;
		};
/* End XCConfigurationList section */
	};
	rootObject = 0671DCD02ADDAD6600BF2B7B /* Project object */;
}
